
Microsoft Visual Studio Solution File, Format Version 12.00
# Visual Studio Version 17
VisualStudioVersion = 17.14.36616.10 d17.14
MinimumVisualStudioVersion = 10.0.40219.1
Project("{8BC9CEB8-8B4A-11D0-8D11-00A0C91BC942}") = "zc1", "zc1.vcxproj", "{21429A16-2747-4E4C-B6C3-8DEF7EE6ADBD}"
EndProject
Global
	GlobalSection(SolutionConfigurationPlatforms) = preSolution
		Debug|x64 = Debug|x64
		Debug|x86 = Debug|x86
		Release|x64 = Release|x64
		Release|x86 = Release|x86
	EndGlobalSection
	GlobalSection(ProjectConfigurationPlatforms) = postSolution
		{21429A16-2747-4E4C-B6C3-8DEF7EE6ADBD}.Debug|x64.ActiveCfg = Debug|x64
		{21429A16-2747-4E4C-B6C3-8DEF7EE6ADBD}.Debug|x64.Build.0 = Debug|x64
		{21429A16-2747-4E4C-B6C3-8DEF7EE6ADBD}.Debug|x86.ActiveCfg = Debug|Win32
		{21429A16-2747-4E4C-B6C3-8DEF7EE6ADBD}.Debug|x86.Build.0 = Debug|Win32
		{21429A16-2747-4E4C-B6C3-8DEF7EE6ADBD}.Release|x64.ActiveCfg = Release|x64
		{21429A16-2747-4E4C-B6C3-8DEF7EE6ADBD}.Release|x64.Build.0 = Release|x64
		{21429A16-2747-4E4C-B6C3-8DEF7EE6ADBD}.Release|x86.ActiveCfg = Release|Win32
		{21429A16-2747-4E4C-B6C3-8DEF7EE6ADBD}.Release|x86.Build.0 = Release|Win32
	EndGlobalSection
	GlobalSection(SolutionProperties) = preSolution
		HideSolutionNode = FALSE
	EndGlobalSection
	GlobalSection(ExtensibilityGlobals) = postSolution
		SolutionGuid = {367F4E72-A5ED-4658-A478-F5D9E63CAC88}
	EndGlobalSection
EndGlobal
